{
  "name": "create-app-foundation",
  "version": "1.0.11",
  "lockfileVersion": 3,
  "requires": true,
  "packages": {
    "": {
      "name": "create-app-foundation",
      "version": "1.0.11",
      "license": "MIT",
      "bin": {
        "create-app-foundation": "src/index.mjs"
      },
      "engines": {
        "node": ">=18"
      }
    }
  }
}
